PODS:
  - Alamofire (4.7.3)
  - RxEndpoints (1.0.0):
    - Alamofire (~> 4.0)
    - RxSwift (~> 4.0)
  - RxSwift (4.2.0)

DEPENDENCIES:
  - RxEndpoints (from `../`)

SPEC REPOS:
  https://github.com/cocoapods/specs.git:
    - Alamofire
    - RxSwift

EXTERNAL SOURCES:
  RxEndpoints:
    :path: "../"

SPEC CHECKSUMS:
  Alamofire: c7287b6e5d7da964a70935e5db17046b7fde6568
  RxEndpoints: 729875bd81872e49ad079a953c9af77ce52f05da
  RxSwift: 99e10317ddfcc7fbe01356aafd118fde4a0be104

PODFILE CHECKSUM: abd0a39f5ae2be112ed710a058c925b6397535d3

COCOAPODS: 1.5.3
