PODS:
  - Alamofire (4.9.0)
  - RxEndpoints (1.1.4):
    - Alamofire (~> 4.8)
    - RxRelay (~> 5.0)
    - RxSwift (~> 5.0)
  - RxRelay (5.0.0):
    - RxSwift (~> 5)
  - RxSwift (5.0.0)

DEPENDENCIES:
  - RxEndpoints (from `../`)

SPEC REPOS:
  https://github.com/cocoapods/specs.git:
    - Alamofire
    - RxRelay
    - RxSwift

EXTERNAL SOURCES:
  RxEndpoints:
    :path: "../"

SPEC CHECKSUMS:
  Alamofire: afc3e7c6db61476cb45cdd23fed06bad03bbc321
  RxEndpoints: a15c54e61639bd8e2747c642e6ce049409d5ce9d
  RxRelay: 4f7409406a51a55cd88483f21ed898c234d60f18
  RxSwift: 8b0671caa829a763bbce7271095859121cbd895f

PODFILE CHECKSUM: abd0a39f5ae2be112ed710a058c925b6397535d3

COCOAPODS: 1.7.5
